
Microsoft Visual Studio Solution File, Format Version 12.00
# Visual Studio Version 16
VisualStudioVersion = 16.0.32228.343
MinimumVisualStudioVersion = 10.0.40219.1
Project("{9A19103F-16F7-4668-BE54-9A1E7A4F7556}") = "WebApi", "WebApi\WebApi.csproj", "{541F6BA2-6DDE-41F4-9E39-8FF67BD78934}"
EndProject
Project("{9A19103F-16F7-4668-BE54-9A1E7A4F7556}") = "Domain", "Domain\Domain.csproj", "{CC79FDD8-F1A3-4D83-A869-57CF8C7BE57F}"
EndProject
Project("{9A19103F-16F7-4668-BE54-9A1E7A4F7556}") = "Infrastructure", "Infrastructure\Infrastructure.csproj", "{FFA072B4-D12E-4277-960A-7F75B9816B4E}"
EndProject
Project("{FAE04EC0-301F-11D3-BF4B-00C04F79EFBC}") = "Test", "Test\Test.csproj", "{16049889-A905-417C-887E-FF23E7F52F95}"
EndProject
Global
	GlobalSection(SolutionConfigurationPlatforms) = preSolution
		Debug|Any CPU = Debug|Any CPU
		Release|Any CPU = Release|Any CPU
	EndGlobalSection
	GlobalSection(ProjectConfigurationPlatforms) = postSolution
		{541F6BA2-6DDE-41F4-9E39-8FF67BD78934}.Debug|Any CPU.ActiveCfg = Debug|Any CPU
		{541F6BA2-6DDE-41F4-9E39-8FF67BD78934}.Debug|Any CPU.Build.0 = Debug|Any CPU
		{541F6BA2-6DDE-41F4-9E39-8FF67BD78934}.Release|Any CPU.ActiveCfg = Release|Any CPU
		{541F6BA2-6DDE-41F4-9E39-8FF67BD78934}.Release|Any CPU.Build.0 = Release|Any CPU
		{CC79FDD8-F1A3-4D83-A869-57CF8C7BE57F}.Debug|Any CPU.ActiveCfg = Debug|Any CPU
		{CC79FDD8-F1A3-4D83-A869-57CF8C7BE57F}.Debug|Any CPU.Build.0 = Debug|Any CPU
		{CC79FDD8-F1A3-4D83-A869-57CF8C7BE57F}.Release|Any CPU.ActiveCfg = Release|Any CPU
		{CC79FDD8-F1A3-4D83-A869-57CF8C7BE57F}.Release|Any CPU.Build.0 = Release|Any CPU
		{FFA072B4-D12E-4277-960A-7F75B9816B4E}.Debug|Any CPU.ActiveCfg = Debug|Any CPU
		{FFA072B4-D12E-4277-960A-7F75B9816B4E}.Debug|Any CPU.Build.0 = Debug|Any CPU
		{FFA072B4-D12E-4277-960A-7F75B9816B4E}.Release|Any CPU.ActiveCfg = Release|Any CPU
		{FFA072B4-D12E-4277-960A-7F75B9816B4E}.Release|Any CPU.Build.0 = Release|Any CPU
		{16049889-A905-417C-887E-FF23E7F52F95}.Debug|Any CPU.ActiveCfg = Debug|Any CPU
		{16049889-A905-417C-887E-FF23E7F52F95}.Debug|Any CPU.Build.0 = Debug|Any CPU
		{16049889-A905-417C-887E-FF23E7F52F95}.Release|Any CPU.ActiveCfg = Release|Any CPU
		{16049889-A905-417C-887E-FF23E7F52F95}.Release|Any CPU.Build.0 = Release|Any CPU
	EndGlobalSection
	GlobalSection(SolutionProperties) = preSolution
		HideSolutionNode = FALSE
	EndGlobalSection
	GlobalSection(ExtensibilityGlobals) = postSolution
		SolutionGuid = {4715EA8C-6FAC-42FE-8B7C-26925F4CA5C8}
	EndGlobalSection
EndGlobal
